
Microsoft Visual Studio Solution File, Format Version 12.00
# Visual Studio Version 17
VisualStudioVersion = 17.2.32630.192
MinimumVisualStudioVersion = 10.0.40219.1
Project("{FAE04EC0-301F-11D3-BF4B-00C04F79EFBC}") = "TelegramShopBot", "TelegramShopBot\TelegramShopBot.csproj", "{D0C04A50-28FF-4248-8709-6207ECA5B93B}"
EndProject
Global
	GlobalSection(SolutionConfigurationPlatforms) = preSolution
		Debug|Any CPU = Debug|Any CPU
		Release|Any CPU = Release|Any CPU
	EndGlobalSection
	GlobalSection(ProjectConfigurationPlatforms) = postSolution
		{D0C04A50-28FF-4248-8709-6207ECA5B93B}.Debug|Any CPU.ActiveCfg = Debug|Any CPU
		{D0C04A50-28FF-4248-8709-6207ECA5B93B}.Debug|Any CPU.Build.0 = Debug|Any CPU
		{D0C04A50-28FF-4248-8709-6207ECA5B93B}.Release|Any CPU.ActiveCfg = Release|Any CPU
		{D0C04A50-28FF-4248-8709-6207ECA5B93B}.Release|Any CPU.Build.0 = Release|Any CPU
	EndGlobalSection
	GlobalSection(SolutionProperties) = preSolution
		HideSolutionNode = FALSE
	EndGlobalSection
	GlobalSection(ExtensibilityGlobals) = postSolution
		SolutionGuid = {ACCDD018-8EAC-4A53-B89B-9084299584EB}
	EndGlobalSection
EndGlobal
